// !$*UTF8*$!
{
	archiveVersion = 1;
	classes = {
	};
	objectVersion = 50;
	objects = {

/* Begin PBXBuildFile section */
		BD942AD12083F022001B31B2 /* AppDelegate.swift in Sources */ = {isa = PBXBuildFile; fileRef = BD942AD02083F022001B31B2 /* AppDelegate.swift */; };
		BD942AD32083F022001B31B2 /* ListViewController.swift in Sources */ = {isa = PBXBuildFile; fileRef = BD942AD22083F022001B31B2 /* ListViewController.swift */; };
		BD942AD62083F022001B31B2 /* Main.storyboard in Resources */ = {isa = PBXBuildFile; fileRef = BD942AD42083F022001B31B2 /* Main.storyboard */; };
		BD942AD82083F023001B31B2 /* Assets.xcassets in Resources */ = {isa = PBXBuildFile; fileRef = BD942AD72083F023001B31B2 /* Assets.xcassets */; };
		BD942ADB2083F023001B31B2 /* LaunchScreen.storyboard in Resources */ = {isa = PBXBuildFile; fileRef = BD942AD92083F023001B31B2 /* LaunchScreen.storyboard */; };
		BD942AE32083F33D001B31B2 /* ListCell.swift in Sources */ = {isa = PBXBuildFile; fileRef = BD942AE22083F33D001B31B2 /* ListCell.swift */; };
		BD942AE52083F52D001B31B2 /* VideoBean.swift in Sources */ = {isa = PBXBuildFile; fileRef = BD942AE42083F52D001B31B2 /* VideoBean.swift */; };
		BD942AE72083F699001B31B2 /* VideoOperation.swift in Sources */ = {isa = PBXBuildFile; fileRef = BD942AE62083F699001B31B2 /* VideoOperation.swift */; };
/* End PBXBuildFile section */

/* Begin PBXFileReference section */
		BD942ACD2083F022001B31B2 /* vdoTest.app */ = {isa = PBXFileReference; explicitFileType = wrapper.application; includeInIndex = 0; path = vdoTest.app; sourceTree = BUILT_PRODUCTS_DIR; };
		BD942AD02083F022001B31B2 /* AppDelegate.swift */ = {isa = PBXFileReference; lastKnownFileType = sourcecode.swift; path = AppDelegate.swift; sourceTree = "<group>"; };
		BD942AD22083F022001B31B2 /* ListViewController.swift */ = {isa = PBXFileReference; lastKnownFileType = sourcecode.swift; path = ListViewController.swift; sourceTree = "<group>"; };
		BD942AD52083F022001B31B2 /* Base */ = {isa = PBXFileReference; lastKnownFileType = file.storyboard; name = Base; path = Base.lproj/Main.storyboard; sourceTree = "<group>"; };
		BD942AD72083F023001B31B2 /* Assets.xcassets */ = {isa = PBXFileReference; lastKnownFileType = folder.assetcatalog; path = Assets.xcassets; sourceTree = "<group>"; };
		BD942ADA2083F023001B31B2 /* Base */ = {isa = PBXFileReference; lastKnownFileType = file.storyboard; name = Base; path = Base.lproj/LaunchScreen.storyboard; sourceTree = "<group>"; };
		BD942ADC2083F023001B31B2 /* Info.plist */ = {isa = PBXFileReference; lastKnownFileType = text.plist.xml; path = Info.plist; sourceTree = "<group>"; };
		BD942AE22083F33D001B31B2 /* ListCell.swift */ = {isa = PBXFileReference; lastKnownFileType = sourcecode.swift; path = ListCell.swift; sourceTree = "<group>"; };
		BD942AE42083F52D001B31B2 /* VideoBean.swift */ = {isa = PBXFileReference; lastKnownFileType = sourcecode.swift; path = VideoBean.swift; sourceTree = "<group>"; };
		BD942AE62083F699001B31B2 /* VideoOperation.swift */ = {isa = PBXFileReference; lastKnownFileType = sourcecode.swift; path = VideoOperation.swift; sourceTree = "<group>"; };
/* End PBXFileReference section */

/* Begin PBXFrameworksBuildPhase section */
		BD942ACA2083F022001B31B2 /* Frameworks */ = {
			isa = PBXFrameworksBuildPhase;
			buildActionMask = 2147483647;
			files = (
			);
			runOnlyForDeploymentPostprocessing = 0;
		};
/* End PBXFrameworksBuildPhase section */

/* Begin PBXGroup section */
		BD942AC42083F022001B31B2 = {
			isa = PBXGroup;
			children = (
				BD942ACF2083F022001B31B2 /* vdoTest */,
				BD942ACE2083F022001B31B2 /* Products */,
			);
			sourceTree = "<group>";
		};
		BD942ACE2083F022001B31B2 /* Products */ = {
			isa = PBXGroup;
			children = (
				BD942ACD2083F022001B31B2 /* vdoTest.app */,
			);
			name = Products;
			sourceTree = "<group>";
		};
		BD942ACF2083F022001B31B2 /* vdoTest */ = {
			isa = PBXGroup;
			children = (
				BD942AD02083F022001B31B2 /* AppDelegate.swift */,
				BD942AE42083F52D001B31B2 /* VideoBean.swift */,
				BD942AE62083F699001B31B2 /* VideoOperation.swift */,
				BD942AD22083F022001B31B2 /* ListViewController.swift */,
				BD942AE22083F33D001B31B2 /* ListCell.swift */,
				BD942AD42083F022001B31B2 /* Main.storyboard */,
				BD942AD72083F023001B31B2 /* Assets.xcassets */,
				BD942AD92083F023001B31B2 /* LaunchScreen.storyboard */,
				BD942ADC2083F023001B31B2 /* Info.plist */,
			);
			path = vdoTest;
			sourceTree = "<group>";
		};
/* End PBXGroup section */

/* Begin PBXNativeTarget section */
		BD942ACC2083F022001B31B2 /* vdoTest */ = {
			isa = PBXNativeTarget;
			buildConfigurationList = BD942ADF2083F023001B31B2 /* Build configuration list for PBXNativeTarget "vdoTest" */;
			buildPhases = (
				BD942AC92083F022001B31B2 /* Sources */,
				BD942ACA2083F022001B31B2 /* Frameworks */,
				BD942ACB2083F022001B31B2 /* Resources */,
			);
			buildRules = (
			);
			dependencies = (
			);
			name = vdoTest;
			productName = vdoTest;
			productReference = BD942ACD2083F022001B31B2 /* vdoTest.app */;
			productType = "com.apple.product-type.application";
		};
/* End PBXNativeTarget section */

/* Begin PBXProject section */
		BD942AC52083F022001B31B2 /* Project object */ = {
			isa = PBXProject;
			attributes = {
				LastSwiftUpdateCheck = 0930;
				LastUpgradeCheck = 0930;
				ORGANIZATIONNAME = "GAURAV RAMI";
				TargetAttributes = {
					BD942ACC2083F022001B31B2 = {
						CreatedOnToolsVersion = 9.3;
					};
				};
			};
			buildConfigurationList = BD942AC82083F022001B31B2 /* Build configuration list for PBXProject "vdoTest" */;
			compatibilityVersion = "Xcode 9.3";
			developmentRegion = en;
			hasScannedForEncodings = 0;
			knownRegions = (
				en,
				Base,
			);
			mainGroup = BD942AC42083F022001B31B2;
			productRefGroup = BD942ACE2083F022001B31B2 /* Products */;
			projectDirPath = "";
			projectRoot = "";
			targets = (
				BD942ACC2083F022001B31B2 /* vdoTest */,
			);
		};
/* End PBXProject section */

/* Begin PBXResourcesBuildPhase section */
		BD942ACB2083F022001B31B2 /* Resources */ = {
			isa = PBXResourcesBuildPhase;
			buildActionMask = 2147483647;
			files = (
				BD942ADB2083F023001B31B2 /* LaunchScreen.storyboard in Resources */,
				BD942AD82083F023001B31B2 /* Assets.xcassets in Resources */,
				BD942AD62083F022001B31B2 /* Main.storyboard in Resources */,
			);
			runOnlyForDeploymentPostprocessing = 0;
		};
/* End PBXResourcesBuildPhase section */

/* Begin PBXSourcesBuildPhase section */
		BD942AC92083F022001B31B2 /* Sources */ = {
			isa = PBXSourcesBuildPhase;
			buildActionMask = 2147483647;
			files = (
				BD942AE32083F33D001B31B2 /* ListCell.swift in Sources */,
				BD942AD32083F022001B31B2 /* ListViewController.swift in Sources */,
				BD942AD12083F022001B31B2 /* AppDelegate.swift in Sources */,
				BD942AE72083F699001B31B2 /* VideoOperation.swift in Sources */,
				BD942AE52083F52D001B31B2 /* VideoBean.swift in Sources */,
			);
			runOnlyForDeploymentPostprocessing = 0;
		};
/* End PBXSourcesBuildPhase section */

/* Begin PBXVariantGroup section */
		BD942AD42083F022001B31B2 /* Main.storyboard */ = {
			isa = PBXVariantGroup;
			children = (
				BD942AD52083F022001B31B2 /* Base */,
			);
			name = Main.storyboard;
			sourceTree = "<group>";
		};
		BD942AD92083F023001B31B2 /* LaunchScreen.storyboard */ = {
			isa = PBXVariantGroup;
			children = (
				BD942ADA2083F023001B31B2 /* Base */,
			);
			name = LaunchScreen.storyboard;
			sourceTree = "<group>";
		};
/* End PBXVariantGroup section */

/* Begin XCBuildConfiguration section */
		BD942ADD2083F023001B31B2 /* Debug */ = {
			isa = XCBuildConfiguration;
			buildSettings = {
				ALWAYS_SEARCH_USER_PATHS = NO;
				CLANG_ANALYZER_NONNULL = YES;
				CLANG_ANALYZER_NUMBER_OBJECT_CONVERSION = YES_AGGRESSIVE;
				CLANG_CXX_LANGUAGE_STANDARD = "gnu++14";
				CLANG_CXX_LIBRARY = "libc++";
				CLANG_ENABLE_MODULES = YES;
				CLANG_ENABLE_OBJC_ARC = YES;
				CLANG_ENABLE_OBJC_WEAK = YES;
				CLANG_WARN_BLOCK_CAPTURE_AUTORELEASING = YES;
				CLANG_WARN_BOOL_CONVERSION = YES;
				CLANG_WARN_COMMA = YES;
				CLANG_WARN_CONSTANT_CONVERSION = YES;
				CLANG_WARN_DEPRECATED_OBJC_IMPLEMENTATIONS = YES;
				CLANG_WARN_DIRECT_OBJC_ISA_USAGE = YES_ERROR;
				CLANG_WARN_DOCUMENTATION_COMMENTS = YES;
				CLANG_WARN_EMPTY_BODY = YES;
				CLANG_WARN_ENUM_CONVERSION = YES;
				CLANG_WARN_INFINITE_RECURSION = YES;
				CLANG_WARN_INT_CONVERSION = YES;
				CLANG_WARN_NON_LITERAL_NULL_CONVERSION = YES;
				CLANG_WARN_OBJC_IMPLICIT_RETAIN_SELF = YES;
				CLANG_WARN_OBJC_LITERAL_CONVERSION = YES;
				CLANG_WARN_OBJC_ROOT_CLASS = YES_ERROR;
				CLANG_WARN_RANGE_LOOP_ANALYSIS = YES;
				CLANG_WARN_STRICT_PROTOTYPES = YES;
				CLANG_WARN_SUSPICIOUS_MOVE = YES;
				CLANG_WARN_UNGUARDED_AVAILABILITY = YES_AGGRESSIVE;
				CLANG_WARN_UNREACHABLE_CODE = YES;
				CLANG_WARN__DUPLICATE_METHOD_MATCH = YES;
				CODE_SIGN_IDENTITY = "iPhone Developer";
				COPY_PHASE_STRIP = NO;
				DEBUG_INFORMATION_FORMAT = dwarf;
				ENABLE_STRICT_OBJC_MSGSEND = YES;
				ENABLE_TESTABILITY = YES;
				GCC_C_LANGUAGE_STANDARD = gnu11;
				GCC_DYNAMIC_NO_PIC = NO;
				GCC_NO_COMMON_BLOCKS = YES;
				GCC_OPTIMIZATION_LEVEL = 0;
				GCC_PREPROCESSOR_DEFINITIONS = (
					"DEBUG=1",
					"$(inherited)",
				);
				GCC_WARN_64_TO_32_BIT_CONVERSION = YES;
				GCC_WARN_ABOUT_RETURN_TYPE = YES_ERROR;
				GCC_WARN_UNDECLARED_SELECTOR = YES;
				GCC_WARN_UNINITIALIZED_AUTOS = YES_AGGRESSIVE;
				GCC_WARN_UNUSED_FUNCTION = YES;
				GCC_WARN_UNUSED_VARIABLE = YES;
				IPHONEOS_DEPLOYMENT_TARGET = 11.3;
				MTL_ENABLE_DEBUG_INFO = YES;
				ONLY_ACTIVE_ARCH = YES;
				SDKROOT = iphoneos;
				SWIFT_ACTIVE_COMPILATION_CONDITIONS = DEBUG;
				SWIFT_OPTIMIZATION_LEVEL = "-Onone";
			};
			name = Debug;
		};
		BD942ADE2083F023001B31B2 /* Release */ = {
			isa = XCBuildConfiguration;
			buildSettings = {
				ALWAYS_SEARCH_USER_PATHS = NO;
				CLANG_ANALYZER_NONNULL = YES;
				CLANG_ANALYZER_NUMBER_OBJECT_CONVERSION = YES_AGGRESSIVE;
				CLANG_CXX_LANGUAGE_STANDARD = "gnu++14";
				CLANG_CXX_LIBRARY = "libc++";
				CLANG_ENABLE_MODULES = YES;
				CLANG_ENABLE_OBJC_ARC = YES;
				CLANG_ENABLE_OBJC_WEAK = YES;
				CLANG_WARN_BLOCK_CAPTURE_AUTORELEASING = YES;
				CLANG_WARN_BOOL_CONVERSION = YES;
				CLANG_WARN_COMMA = YES;
				CLANG_WARN_CONSTANT_CONVERSION = YES;
				CLANG_WARN_DEPRECATED_OBJC_IMPLEMENTATIONS = YES;
				CLANG_WARN_DIRECT_OBJC_ISA_USAGE = YES_ERROR;
				CLANG_WARN_DOCUMENTATION_COMMENTS = YES;
				CLANG_WARN_EMPTY_BODY = YES;
				CLANG_WARN_ENUM_CONVERSION = YES;
				CLANG_WARN_INFINITE_RECURSION = YES;
				CLANG_WARN_INT_CONVERSION = YES;
				CLANG_WARN_NON_LITERAL_NULL_CONVERSION = YES;
				CLANG_WARN_OBJC_IMPLICIT_RETAIN_SELF = YES;
				CLANG_WARN_OBJC_LITERAL_CONVERSION = YES;
				CLANG_WARN_OBJC_ROOT_CLASS = YES_ERROR;
				CLANG_WARN_RANGE_LOOP_ANALYSIS = YES;
				CLANG_WARN_STRICT_PROTOTYPES = YES;
				CLANG_WARN_SUSPICIOUS_MOVE = YES;
				CLANG_WARN_UNGUARDED_AVAILABILITY = YES_AGGRESSIVE;
				CLANG_WARN_UNREACHABLE_CODE = YES;
				CLANG_WARN__DUPLICATE_METHOD_MATCH = YES;
				CODE_SIGN_IDENTITY = "iPhone Developer";
				COPY_PHASE_STRIP = NO;
				DEBUG_INFORMATION_FORMAT = "dwarf-with-dsym";
				ENABLE_NS_ASSERTIONS = NO;
				ENABLE_STRICT_OBJC_MSGSEND = YES;
				GCC_C_LANGUAGE_STANDARD = gnu11;
				GCC_NO_COMMON_BLOCKS = YES;
				GCC_WARN_64_TO_32_BIT_CONVERSION = YES;
				GCC_WARN_ABOUT_RETURN_TYPE = YES_ERROR;
				GCC_WARN_UNDECLARED_SELECTOR = YES;
				GCC_WARN_UNINITIALIZED_AUTOS = YES_AGGRESSIVE;
				GCC_WARN_UNUSED_FUNCTION = YES;
				GCC_WARN_UNUSED_VARIABLE = YES;
				IPHONEOS_DEPLOYMENT_TARGET = 11.3;
				MTL_ENABLE_DEBUG_INFO = NO;
				SDKROOT = iphoneos;
				SWIFT_COMPILATION_MODE = wholemodule;
				SWIFT_OPTIMIZATION_LEVEL = "-O";
				VALIDATE_PRODUCT = YES;
			};
			name = Release;
		};
		BD942AE02083F023001B31B2 /* Debug */ = {
			isa = XCBuildConfiguration;
			buildSettings = {
				ASSETCATALOG_COMPILER_APPICON_NAME = AppIcon;
				CODE_SIGN_STYLE = Manual;
				DEVELOPMENT_TEAM = "";
				INFOPLIST_FILE = vdoTest/Info.plist;
				LD_RUNPATH_SEARCH_PATHS = (
					"$(inherited)",
					"@executable_path/Frameworks",
				);
				PRODUCT_BUNDLE_IDENTIFIER = com.rami.vdoTest;
				PRODUCT_NAME = "$(TARGET_NAME)";
				PROVISIONING_PROFILE_SPECIFIER = "";
				SWIFT_VERSION = 4.0;
				TARGETED_DEVICE_FAMILY = "1,2";
			};
			name = Debug;
		};
		BD942AE12083F023001B31B2 /* Release */ = {
			isa = XCBuildConfiguration;
			buildSettings = {
				ASSETCATALOG_COMPILER_APPICON_NAME = AppIcon;
				CODE_SIGN_STYLE = Manual;
				DEVELOPMENT_TEAM = "";
				INFOPLIST_FILE = vdoTest/Info.plist;
				LD_RUNPATH_SEARCH_PATHS = (
					"$(inherited)",
					"@executable_path/Frameworks",
				);
				PRODUCT_BUNDLE_IDENTIFIER = com.rami.vdoTest;
				PRODUCT_NAME = "$(TARGET_NAME)";
				PROVISIONING_PROFILE_SPECIFIER = "";
				SWIFT_VERSION = 4.0;
				TARGETED_DEVICE_FAMILY = "1,2";
			};
			name = Release;
		};
/* End XCBuildConfiguration section */

/* Begin XCConfigurationList section */
		BD942AC82083F022001B31B2 /* Build configuration list for PBXProject "vdoTest" */ = {
			isa = XCConfigurationList;
			buildConfigurations = (
				BD942ADD2083F023001B31B2 /* Debug */,
				BD942ADE2083F023001B31B2 /* Release */,
			);
			defaultConfigurationIsVisible = 0;
			defaultConfigurationName = Release;
		};
		BD942ADF2083F023001B31B2 /* Build configuration list for PBXNativeTarget "vdoTest" */ = {
			isa = XCConfigurationList;
			buildConfigurations = (
				BD942AE02083F023001B31B2 /* Debug */,
				BD942AE12083F023001B31B2 /* Release */,
			);
			defaultConfigurationIsVisible = 0;
			defaultConfigurationName = Release;
		};
/* End XCConfigurationList section */
	};
	rootObject = BD942AC52083F022001B31B2 /* Project object */;
}
